{
  "requires": true,
  "lockfileVersion": 1,
  "dependencies": {
    "lit-element": {
      "version": "2.4.0",
      "resolved": "https://registry.npmjs.org/lit-element/-/lit-element-2.4.0.tgz",
      "integrity": "sha512-pBGLglxyhq/Prk2H91nA0KByq/hx/wssJBQFiYqXhGDvEnY31PRGYf1RglVzyLeRysu0IHm2K0P196uLLWmwFg==",
      "requires": {
        "lit-html": "^1.1.1"
      }
    },
    "lit-html": {
      "version": "1.3.0",
      "resolved": "https://registry.npmjs.org/lit-html/-/lit-html-1.3.0.tgz",
      "integrity": "sha512-0Q1bwmaFH9O14vycPHw8C/IeHMk/uSDldVLIefu/kfbTBGIc44KGH6A8p1bDfxUfHdc8q6Ct7kQklWoHgr4t1Q=="
    },
    "wired-button": {
      "version": "2.1.0",
      "resolved": "https://registry.npmjs.org/wired-button/-/wired-button-2.1.0.tgz",
      "integrity": "sha512-BQSurJ13VsE6vN7sgbPp8IhTKHYbb0U/hwQ2NNQMLCp4hf6Q+21g8HgsIudozvvfgnzDSc49+VsWr7uGk5uZnQ==",
      "requires": {
        "lit-element": "^2.3.1",
        "wired-lib": "^2.1.0"
      }
    },
    "wired-calendar": {
      "version": "2.1.1",
      "resolved": "https://registry.npmjs.org/wired-calendar/-/wired-calendar-2.1.1.tgz",
      "integrity": "sha512-WU/rFbRxSLl8trlhixzucmwGQ0aPu4ZHSb725I4PHU59EVCZgaKuTRsW306sHrjPacjySS9RE5a9HRUSz/DrPQ==",
      "requires": {
        "lit-element": "^2.3.1",
        "wired-lib": "^2.1.0"
      }
    },
    "wired-card": {
      "version": "2.1.0",
      "resolved": "https://registry.npmjs.org/wired-card/-/wired-card-2.1.0.tgz",
      "integrity": "sha512-VFi/sPwYDXHaJii+16jRZwxaK9gOpqOvi+n6yre5hvuHq64E2EVHkfIjhfwhiglXykywHR6cl6GMfx09ItHStA==",
      "requires": {
        "lit-element": "^2.3.1",
        "wired-lib": "^2.1.0"
      }
    },
    "wired-checkbox": {
      "version": "2.1.0",
      "resolved": "https://registry.npmjs.org/wired-checkbox/-/wired-checkbox-2.1.0.tgz",
      "integrity": "sha512-3GakSkcZVKJHdr6zYxIvypExNx5RtAZ/nRCO7GBjc/XpuVdO/MCdD7Q3iUVvzclmUT47rL7AmL9z1uYPva663g==",
      "requires": {
        "lit-element": "^2.3.1",
        "wired-lib": "^2.1.0"
      }
    },
    "wired-combo": {
      "version": "2.1.0",
      "resolved": "https://registry.npmjs.org/wired-combo/-/wired-combo-2.1.0.tgz",
      "integrity": "sha512-6dYZMwM0h4+pvpmIztFwx6kpwmmv1V1D0EM4e0fT9CuvLPZnzghSJEsXOGdW5QQ8lhvev2zl7+5+TQOhPYzphg==",
      "requires": {
        "lit-element": "^2.3.1",
        "wired-card": "^2.1.0",
        "wired-lib": "^2.1.0"
      }
    },
    "wired-dialog": {
      "version": "2.1.0",
      "resolved": "https://registry.npmjs.org/wired-dialog/-/wired-dialog-2.1.0.tgz",
      "integrity": "sha512-JWIispL2GFWzQ7mRBe0YMBzRLj2YG59qFzB7a9DJI0cXb190ug090Y1Mg2dAwIuKvvIv1RdAGojDbUHzZf/4Wg==",
      "requires": {
        "lit-element": "^2.3.1",
        "wired-card": "^2.1.0"
      }
    },
    "wired-divider": {
      "version": "2.1.0",
      "resolved": "https://registry.npmjs.org/wired-divider/-/wired-divider-2.1.0.tgz",
      "integrity": "sha512-TEHx4A9TmfTdbQwgMf9ncU+/CLvLwiwwJ5wU+BhnJk1Qj4GNJxImdZe4nO2oQaAPdFoedPSWwQ7/L9bGbCOGmw==",
      "requires": {
        "lit-element": "^2.3.1",
        "wired-lib": "^2.1.0"
      }
    },
    "wired-elements": {
      "version": "2.1.2",
      "resolved": "https://registry.npmjs.org/wired-elements/-/wired-elements-2.1.2.tgz",
      "integrity": "sha512-afqvsKoKR44jY4Ii9Rq5XpH1Ap0UhV63BzXdjV27hXOuDeMphiXImpEnBoTicBs+u6/63rLeU6qZVL1xW8ziww==",
      "requires": {
        "lit-element": "^2.3.1",
        "wired-button": "^2.1.0",
        "wired-calendar": "^2.1.1",
        "wired-card": "^2.1.0",
        "wired-checkbox": "^2.1.0",
        "wired-combo": "^2.1.0",
        "wired-dialog": "^2.1.0",
        "wired-divider": "^2.1.0",
        "wired-fab": "^2.1.0",
        "wired-icon-button": "^2.1.0",
        "wired-image": "^2.1.0",
        "wired-input": "^2.1.1",
        "wired-item": "^2.1.0",
        "wired-lib": "^2.1.0",
        "wired-link": "^2.1.0",
        "wired-listbox": "^2.1.0",
        "wired-progress": "^2.1.0",
        "wired-radio": "^2.1.0",
        "wired-radio-group": "^2.1.0",
        "wired-search-input": "^2.1.0",
        "wired-slider": "^2.1.2",
        "wired-spinner": "^2.1.0",
        "wired-tab": "^2.1.0",
        "wired-tabs": "^2.1.1",
        "wired-textarea": "^2.1.0",
        "wired-toggle": "^2.1.0",
        "wired-video": "^2.1.2"
      }
    },
    "wired-fab": {
      "version": "2.1.0",
      "resolved": "https://registry.npmjs.org/wired-fab/-/wired-fab-2.1.0.tgz",
      "integrity": "sha512-CVI9pndFCsN4nyxdOtB9bHZn0vra1B93jSDpCtgPXvNnfDtD3bSpADQaNUjITuCntjnwTXauiA6fl+wsbOcc1g==",
      "requires": {
        "lit-element": "^2.3.1",
        "wired-lib": "^2.1.0"
      }
    },
    "wired-icon-button": {
      "version": "2.1.0",
      "resolved": "https://registry.npmjs.org/wired-icon-button/-/wired-icon-button-2.1.0.tgz",
      "integrity": "sha512-KwvRp0UsW8kbEDQLEfOt0p1+ZEzjtqEl57ZFJJp1ndyjlkdE4IznifBWGxtJARFYP5XjuHWE/60TxvlcuUa5gw==",
      "requires": {
        "lit-element": "^2.3.1",
        "wired-lib": "^2.1.0"
      }
    },
    "wired-image": {
      "version": "2.1.0",
      "resolved": "https://registry.npmjs.org/wired-image/-/wired-image-2.1.0.tgz",
      "integrity": "sha512-b7kAeB5QmQ1GDgufuH16Axku4qUdLAmv+c9FbFglyRojbfWRO7AdvQmhclkGG23mpObQ75jZo1tFgZdOqvbyVg==",
      "requires": {
        "lit-element": "^2.3.1",
        "wired-lib": "^2.1.0"
      }
    },
    "wired-input": {
      "version": "2.1.1",
      "resolved": "https://registry.npmjs.org/wired-input/-/wired-input-2.1.1.tgz",
      "integrity": "sha512-Yw30vZHoMixbJGotse2ZkTySUmF/VAMxN7daHlFvGrxEH1FmO9vtxNKdvb99Ttiy0dLEBliYcb4Ak6M+zL4iVQ==",
      "requires": {
        "lit-element": "^2.3.1",
        "wired-lib": "^2.1.0"
      }
    },
    "wired-item": {
      "version": "2.1.0",
      "resolved": "https://registry.npmjs.org/wired-item/-/wired-item-2.1.0.tgz",
      "integrity": "sha512-/9gGuc/6STQDYD2X1Sp5a2oyj58Mh1sZgN47ynkq890bWNSnlToCJr0uYwgaYlr3uhsOrIsjID9WicCGTgecBA==",
      "requires": {
        "lit-element": "^2.3.1",
        "wired-lib": "^2.1.0"
      }
    },
    "wired-lib": {
      "version": "2.1.0",
      "resolved": "https://registry.npmjs.org/wired-lib/-/wired-lib-2.1.0.tgz",
      "integrity": "sha512-x/ZGXlOJn8w6x/uMiFIiM/h2JJcvf5ocLEx+Bn1XcqXCro0lL9zy40sn/ystYVvmhtkMkKu7WQMWfyQRsKU+cw==",
      "requires": {
        "lit-element": "^2.3.1"
      }
    },
    "wired-link": {
      "version": "2.1.0",
      "resolved": "https://registry.npmjs.org/wired-link/-/wired-link-2.1.0.tgz",
      "integrity": "sha512-L0/pEMqIH+oWXnBOLeglplxaaRZ9Qyr9nx2egQbMhWYlQWD5d1/unukBZ/h3yVBCnWSJ8ErnEdeGzNLRi48Bbg==",
      "requires": {
        "lit-element": "^2.3.1",
        "wired-lib": "^2.1.0"
      }
    },
    "wired-listbox": {
      "version": "2.1.0",
      "resolved": "https://registry.npmjs.org/wired-listbox/-/wired-listbox-2.1.0.tgz",
      "integrity": "sha512-jBrqJ3xVZps7KIHUwkd7XZnwupHjD6bxgBdLsycU4JU5Mb88fFCzaZbJqdUacY16TxuHLpBvqiN0Oc9fnrdwPA==",
      "requires": {
        "lit-element": "^2.3.1",
        "wired-lib": "^2.1.0"
      }
    },
    "wired-progress": {
      "version": "2.1.0",
      "resolved": "https://registry.npmjs.org/wired-progress/-/wired-progress-2.1.0.tgz",
      "integrity": "sha512-/sDq2phXJ9dzy0RaW7GeCfqw0k66DFTaBzcu0pz6fycUMikdKL0HkYXbTIRDnWOMzzwX2rpdez980c+J2ZMm6Q==",
      "requires": {
        "lit-element": "^2.3.1",
        "wired-lib": "^2.1.0"
      }
    },
    "wired-radio": {
      "version": "2.1.0",
      "resolved": "https://registry.npmjs.org/wired-radio/-/wired-radio-2.1.0.tgz",
      "integrity": "sha512-mWW01NaA4wjO3Iw+Cqv67go0hV/g4XuQ27zvWMVZ6uj0W5WzyIfrOntBr0saJc+33Duqa6RNAOsjHQhzlLgaZQ==",
      "requires": {
        "lit-element": "^2.3.1",
        "wired-lib": "^2.1.0"
      }
    },
    "wired-radio-group": {
      "version": "2.1.0",
      "resolved": "https://registry.npmjs.org/wired-radio-group/-/wired-radio-group-2.1.0.tgz",
      "integrity": "sha512-mB0DQY/ueKXDb/mfy7LX3CauKo+IagnBFwP8jeb86+8bLXX7DTbF69gMBu4DdHD1b7kIcXAtNZa8HSG8PBQANQ==",
      "requires": {
        "lit-element": "^2.3.1",
        "wired-lib": "^2.1.0"
      }
    },
    "wired-search-input": {
      "version": "2.1.0",
      "resolved": "https://registry.npmjs.org/wired-search-input/-/wired-search-input-2.1.0.tgz",
      "integrity": "sha512-6rQNHHlPNudm14tpDrbNqmLQyR3g9q3iiSeq46sumZhNoKMgsfV/5El2C/kzlCmSGqAoUmbuNlfI5J7Cmd0zZg==",
      "requires": {
        "lit-element": "^2.3.1",
        "wired-lib": "^2.1.0"
      }
    },
    "wired-slider": {
      "version": "2.1.2",
      "resolved": "https://registry.npmjs.org/wired-slider/-/wired-slider-2.1.2.tgz",
      "integrity": "sha512-Jx1EUVLrPn2IJr4xuq5ZgJ4OmZxjCBASbrXmsRjLavpVFjXwHHzJvUYRXvHO8ynMUu82tzRu/b86CoWLbPNWnQ==",
      "requires": {
        "lit-element": "^2.3.1",
        "wired-lib": "^2.1.0"
      }
    },
    "wired-spinner": {
      "version": "2.1.0",
      "resolved": "https://registry.npmjs.org/wired-spinner/-/wired-spinner-2.1.0.tgz",
      "integrity": "sha512-a+RJH6YruUGR1eBSp97UuMmxmOrRp+4pEORsijTOoNiEAzOA1XkUZTlBXi+E24hF6V9TBCqC95658sPGbFFQkQ==",
      "requires": {
        "lit-element": "^2.3.1",
        "wired-lib": "^2.1.0"
      }
    },
    "wired-tab": {
      "version": "2.1.0",
      "resolved": "https://registry.npmjs.org/wired-tab/-/wired-tab-2.1.0.tgz",
      "integrity": "sha512-a0io53expkxFpZVMCvePo1XwpLdDoXX6YzqZSKT0pKE+dRlZH7t5sV5sUATKacq7wqDwlxxc/8cZkXRNATdSXQ==",
      "requires": {
        "lit-element": "^2.3.1",
        "wired-item": "^2.1.0",
        "wired-lib": "^2.1.0"
      }
    },
    "wired-tabs": {
      "version": "2.1.1",
      "resolved": "https://registry.npmjs.org/wired-tabs/-/wired-tabs-2.1.1.tgz",
      "integrity": "sha512-/gzjb54A5D7f8BTTXEzp/eu04xeMulD33+lTcMt9G/gnbpHzxJw5xuF1Us4VO7pgrqf8U2Kg1oX0aBckkfpruA==",
      "requires": {
        "lit-element": "^2.3.1",
        "wired-lib": "^2.1.0"
      }
    },
    "wired-textarea": {
      "version": "2.1.0",
      "resolved": "https://registry.npmjs.org/wired-textarea/-/wired-textarea-2.1.0.tgz",
      "integrity": "sha512-q6xdU25HJGa/XwO0+7cUmUieX/IUsC17l/D+Yip7bDQxZIe5wdIcyUUX05M2lZ0/dwIizYnUWoRm2tkiOdVziQ==",
      "requires": {
        "lit-element": "^2.3.1",
        "wired-lib": "^2.1.0"
      }
    },
    "wired-toggle": {
      "version": "2.1.0",
      "resolved": "https://registry.npmjs.org/wired-toggle/-/wired-toggle-2.1.0.tgz",
      "integrity": "sha512-sXaMdLTdjDvo3wFBb7gpI9T16c8YmzJgbgVEqYTz2dlIzJLI0bT7ryhj40AeltPprQJwLyb8yi2zF/12aigX+w==",
      "requires": {
        "lit-element": "^2.3.1",
        "wired-lib": "^2.1.0"
      }
    },
    "wired-video": {
      "version": "2.1.2",
      "resolved": "https://registry.npmjs.org/wired-video/-/wired-video-2.1.2.tgz",
      "integrity": "sha512-+lzW4HwVDL1/8pEl20vKd2fRn7NVo2vBYy60bWD72okmty1YNC1dnExkrBE9DyxSKPa5uqJ4k2Pmda5CbnGoZw==",
      "requires": {
        "lit-element": "^2.3.1",
        "wired-icon-button": "^2.1.0",
        "wired-lib": "^2.1.0",
        "wired-progress": "^2.1.0",
        "wired-slider": "^2.1.2"
      }
    }
  }
}
